{
  "name": "gitbook-plugin-katex-pro",
  "version": "0.13.11",
  "lockfileVersion": 1,
  "requires": true,
  "dependencies": {
    "commander": {
      "version": "6.2.1",
      "resolved": "https://registry.npmjs.org/commander/-/commander-6.2.1.tgz",
      "integrity": "sha512-U7VdrJFnJgo4xjrHpTzu0yrHPGImdsmD95ZlgYSEajAn2JKzDhDTPG9kBTefmObL2w/ngeZnilk+OV9CG3d7UA=="
    },
    "katex": {
      "version": "0.13.11",
      "resolved": "https://registry.npmjs.org/katex/-/katex-0.13.11.tgz",
      "integrity": "sha512-yJBHVIgwlAaapzlbvTpVF/ZOs8UkTj/sd46Fl8+qAf2/UiituPYVeapVD8ADZtqyRg/qNWUKt7gJoyYVWLrcXw==",
      "requires": {
        "commander": "^6.0.0"
      }
    }
  }
}
